// !$*UTF8*$!
{
	archiveVersion = 1;
	classes = {
	};
	objectVersion = 46;
	objects = {

/* Begin PBXBuildFile section */
		FD94E7E61F44BF9B00091796 /* AppDelegate.swift in Sources */ = {isa = PBXBuildFile; fileRef = FD94E7E51F44BF9B00091796 /* AppDelegate.swift */; };
		FD94E7E81F44BF9B00091796 /* ViewController.swift in Sources */ = {isa = PBXBuildFile; fileRef = FD94E7E71F44BF9B00091796 /* ViewController.swift */; };
		FD94E7EB1F44BF9B00091796 /* Main.storyboard in Resources */ = {isa = PBXBuildFile; fileRef = FD94E7E91F44BF9B00091796 /* Main.storyboard */; };
		FD94E7ED1F44BF9B00091796 /* Assets.xcassets in Resources */ = {isa = PBXBuildFile; fileRef = FD94E7EC1F44BF9B00091796 /* Assets.xcassets */; };
		FD94E7F01F44BF9B00091796 /* LaunchScreen.storyboard in Resources */ = {isa = PBXBuildFile; fileRef = FD94E7EE1F44BF9B00091796 /* LaunchScreen.storyboard */; };
		FD94E7FA1F44CCEC00091796 /* MenuViewController.swift in Sources */ = {isa = PBXBuildFile; fileRef = FD94E7F91F44CCEC00091796 /* MenuViewController.swift */; };
		FD94E7FC1F44D10200091796 /* MenuTableViewCell.swift in Sources */ = {isa = PBXBuildFile; fileRef = FD94E7FB1F44D10200091796 /* MenuTableViewCell.swift */; };
/* End PBXBuildFile section */

/* Begin PBXFileReference section */
		FD94E7E21F44BF9B00091796 /* SideMenu.app */ = {isa = PBXFileReference; explicitFileType = wrapper.application; includeInIndex = 0; path = SideMenu.app; sourceTree = BUILT_PRODUCTS_DIR; };
		FD94E7E51F44BF9B00091796 /* AppDelegate.swift */ = {isa = PBXFileReference; lastKnownFileType = sourcecode.swift; path = AppDelegate.swift; sourceTree = "<group>"; };
		FD94E7E71F44BF9B00091796 /* ViewController.swift */ = {isa = PBXFileReference; lastKnownFileType = sourcecode.swift; path = ViewController.swift; sourceTree = "<group>"; };
		FD94E7EA1F44BF9B00091796 /* Base */ = {isa = PBXFileReference; lastKnownFileType = file.storyboard; name = Base; path = Base.lproj/Main.storyboard; sourceTree = "<group>"; };
		FD94E7EC1F44BF9B00091796 /* Assets.xcassets */ = {isa = PBXFileReference; lastKnownFileType = folder.assetcatalog; path = Assets.xcassets; sourceTree = "<group>"; };
		FD94E7EF1F44BF9B00091796 /* Base */ = {isa = PBXFileReference; lastKnownFileType = file.storyboard; name = Base; path = Base.lproj/LaunchScreen.storyboard; sourceTree = "<group>"; };
		FD94E7F11F44BF9B00091796 /* Info.plist */ = {isa = PBXFileReference; lastKnownFileType = text.plist.xml; path = Info.plist; sourceTree = "<group>"; };
		FD94E7F91F44CCEC00091796 /* MenuViewController.swift */ = {isa = PBXFileReference; fileEncoding = 4; lastKnownFileType = sourcecode.swift; path = MenuViewController.swift; sourceTree = "<group>"; };
		FD94E7FB1F44D10200091796 /* MenuTableViewCell.swift */ = {isa = PBXFileReference; fileEncoding = 4; lastKnownFileType = sourcecode.swift; path = MenuTableViewCell.swift; sourceTree = "<group>"; };
/* End PBXFileReference section */

/* Begin PBXFrameworksBuildPhase section */
		FD94E7DF1F44BF9B00091796 /* Frameworks */ = {
			isa = PBXFrameworksBuildPhase;
			buildActionMask = 2147483647;
			files = (
			);
			runOnlyForDeploymentPostprocessing = 0;
		};
/* End PBXFrameworksBuildPhase section */

/* Begin PBXGroup section */
		FD94E7D91F44BF9B00091796 = {
			isa = PBXGroup;
			children = (
				FD94E7E41F44BF9B00091796 /* SideMenu */,
				FD94E7E31F44BF9B00091796 /* Products */,
			);
			sourceTree = "<group>";
		};
		FD94E7E31F44BF9B00091796 /* Products */ = {
			isa = PBXGroup;
			children = (
				FD94E7E21F44BF9B00091796 /* SideMenu.app */,
			);
			name = Products;
			sourceTree = "<group>";
		};
		FD94E7E41F44BF9B00091796 /* SideMenu */ = {
			isa = PBXGroup;
			children = (
				FD94E7E51F44BF9B00091796 /* AppDelegate.swift */,
				FD94E7E71F44BF9B00091796 /* ViewController.swift */,
				FD94E7E91F44BF9B00091796 /* Main.storyboard */,
				FD94E7EC1F44BF9B00091796 /* Assets.xcassets */,
				FD94E7EE1F44BF9B00091796 /* LaunchScreen.storyboard */,
				FD94E7F11F44BF9B00091796 /* Info.plist */,
				FD94E7F91F44CCEC00091796 /* MenuViewController.swift */,
				FD94E7FB1F44D10200091796 /* MenuTableViewCell.swift */,
			);
			path = SideMenu;
			sourceTree = "<group>";
		};
/* End PBXGroup section */

/* Begin PBXNativeTarget section */
		FD94E7E11F44BF9B00091796 /* SideMenu */ = {
			isa = PBXNativeTarget;
			buildConfigurationList = FD94E7F41F44BF9B00091796 /* Build configuration list for PBXNativeTarget "SideMenu" */;
			buildPhases = (
				FD94E7DE1F44BF9B00091796 /* Sources */,
				FD94E7DF1F44BF9B00091796 /* Frameworks */,
				FD94E7E01F44BF9B00091796 /* Resources */,
			);
			buildRules = (
			);
			dependencies = (
			);
			name = SideMenu;
			productName = SideMenu;
			productReference = FD94E7E21F44BF9B00091796 /* SideMenu.app */;
			productType = "com.apple.product-type.application";
		};
/* End PBXNativeTarget section */

/* Begin PBXProject section */
		FD94E7DA1F44BF9B00091796 /* Project object */ = {
			isa = PBXProject;
			attributes = {
				LastSwiftUpdateCheck = 0830;
				LastUpgradeCheck = 0830;
				ORGANIZATIONNAME = "Christian McMullin";
				TargetAttributes = {
					FD94E7E11F44BF9B00091796 = {
						CreatedOnToolsVersion = 8.3.3;
						DevelopmentTeam = 9Q8KVW72F5;
						ProvisioningStyle = Automatic;
					};
				};
			};
			buildConfigurationList = FD94E7DD1F44BF9B00091796 /* Build configuration list for PBXProject "SideMenu" */;
			compatibilityVersion = "Xcode 3.2";
			developmentRegion = English;
			hasScannedForEncodings = 0;
			knownRegions = (
				en,
				Base,
			);
			mainGroup = FD94E7D91F44BF9B00091796;
			productRefGroup = FD94E7E31F44BF9B00091796 /* Products */;
			projectDirPath = "";
			projectRoot = "";
			targets = (
				FD94E7E11F44BF9B00091796 /* SideMenu */,
			);
		};
/* End PBXProject section */

/* Begin PBXResourcesBuildPhase section */
		FD94E7E01F44BF9B00091796 /* Resources */ = {
			isa = PBXResourcesBuildPhase;
			buildActionMask = 2147483647;
			files = (
				FD94E7F01F44BF9B00091796 /* LaunchScreen.storyboard in Resources */,
				FD94E7ED1F44BF9B00091796 /* Assets.xcassets in Resources */,
				FD94E7EB1F44BF9B00091796 /* Main.storyboard in Resources */,
			);
			runOnlyForDeploymentPostprocessing = 0;
		};
/* End PBXResourcesBuildPhase section */

/* Begin PBXSourcesBuildPhase section */
		FD94E7DE1F44BF9B00091796 /* Sources */ = {
			isa = PBXSourcesBuildPhase;
			buildActionMask = 2147483647;
			files = (
				FD94E7E81F44BF9B00091796 /* ViewController.swift in Sources */,
				FD94E7FA1F44CCEC00091796 /* MenuViewController.swift in Sources */,
				FD94E7FC1F44D10200091796 /* MenuTableViewCell.swift in Sources */,
				FD94E7E61F44BF9B00091796 /* AppDelegate.swift in Sources */,
			);
			runOnlyForDeploymentPostprocessing = 0;
		};
/* End PBXSourcesBuildPhase section */

/* Begin PBXVariantGroup section */
		FD94E7E91F44BF9B00091796 /* Main.storyboard */ = {
			isa = PBXVariantGroup;
			children = (
				FD94E7EA1F44BF9B00091796 /* Base */,
			);
			name = Main.storyboard;
			sourceTree = "<group>";
		};
		FD94E7EE1F44BF9B00091796 /* LaunchScreen.storyboard */ = {
			isa = PBXVariantGroup;
			children = (
				FD94E7EF1F44BF9B00091796 /* Base */,
			);
			name = LaunchScreen.storyboard;
			sourceTree = "<group>";
		};
/* End PBXVariantGroup section */

/* Begin XCBuildConfiguration section */
		FD94E7F21F44BF9B00091796 /* Debug */ = {
			isa = XCBuildConfiguration;
			buildSettings = {
				ALWAYS_SEARCH_USER_PATHS = NO;
				CLANG_ANALYZER_NONNULL = YES;
				CLANG_ANALYZER_NUMBER_OBJECT_CONVERSION = YES_AGGRESSIVE;
				CLANG_CXX_LANGUAGE_STANDARD = "gnu++0x";
				CLANG_CXX_LIBRARY = "libc++";
				CLANG_ENABLE_MODULES = YES;
				CLANG_ENABLE_OBJC_ARC = YES;
				CLANG_WARN_BOOL_CONVERSION = YES;
				CLANG_WARN_CONSTANT_CONVERSION = YES;
				CLANG_WARN_DIRECT_OBJC_ISA_USAGE = YES_ERROR;
				CLANG_WARN_DOCUMENTATION_COMMENTS = YES;
				CLANG_WARN_EMPTY_BODY = YES;
				CLANG_WARN_ENUM_CONVERSION = YES;
				CLANG_WARN_INFINITE_RECURSION = YES;
				CLANG_WARN_INT_CONVERSION = YES;
				CLANG_WARN_OBJC_ROOT_CLASS = YES_ERROR;
				CLANG_WARN_SUSPICIOUS_MOVE = YES;
				CLANG_WARN_UNREACHABLE_CODE = YES;
				CLANG_WARN__DUPLICATE_METHOD_MATCH = YES;
				"CODE_SIGN_IDENTITY[sdk=iphoneos*]" = "iPhone Developer";
				COPY_PHASE_STRIP = NO;
				DEBUG_INFORMATION_FORMAT = dwarf;
				ENABLE_STRICT_OBJC_MSGSEND = YES;
				ENABLE_TESTABILITY = YES;
				GCC_C_LANGUAGE_STANDARD = gnu99;
				GCC_DYNAMIC_NO_PIC = NO;
				GCC_NO_COMMON_BLOCKS = YES;
				GCC_OPTIMIZATION_LEVEL = 0;
				GCC_PREPROCESSOR_DEFINITIONS = (
					"DEBUG=1",
					"$(inherited)",
				);
				GCC_WARN_64_TO_32_BIT_CONVERSION = YES;
				GCC_WARN_ABOUT_RETURN_TYPE = YES_ERROR;
				GCC_WARN_UNDECLARED_SELECTOR = YES;
				GCC_WARN_UNINITIALIZED_AUTOS = YES_AGGRESSIVE;
				GCC_WARN_UNUSED_FUNCTION = YES;
				GCC_WARN_UNUSED_VARIABLE = YES;
				IPHONEOS_DEPLOYMENT_TARGET = 10.3;
				MTL_ENABLE_DEBUG_INFO = YES;
				ONLY_ACTIVE_ARCH = YES;
				SDKROOT = iphoneos;
				SWIFT_ACTIVE_COMPILATION_CONDITIONS = DEBUG;
				SWIFT_OPTIMIZATION_LEVEL = "-Onone";
			};
			name = Debug;
		};
		FD94E7F31F44BF9B00091796 /* Release */ = {
			isa = XCBuildConfiguration;
			buildSettings = {
				ALWAYS_SEARCH_USER_PATHS = NO;
				CLANG_ANALYZER_NONNULL = YES;
				CLANG_ANALYZER_NUMBER_OBJECT_CONVERSION = YES_AGGRESSIVE;
				CLANG_CXX_LANGUAGE_STANDARD = "gnu++0x";
				CLANG_CXX_LIBRARY = "libc++";
				CLANG_ENABLE_MODULES = YES;
				CLANG_ENABLE_OBJC_ARC = YES;
				CLANG_WARN_BOOL_CONVERSION = YES;
				CLANG_WARN_CONSTANT_CONVERSION = YES;
				CLANG_WARN_DIRECT_OBJC_ISA_USAGE = YES_ERROR;
				CLANG_WARN_DOCUMENTATION_COMMENTS = YES;
				CLANG_WARN_EMPTY_BODY = YES;
				CLANG_WARN_ENUM_CONVERSION = YES;
				CLANG_WARN_INFINITE_RECURSION = YES;
				CLANG_WARN_INT_CONVERSION = YES;
				CLANG_WARN_OBJC_ROOT_CLASS = YES_ERROR;
				CLANG_WARN_SUSPICIOUS_MOVE = YES;
				CLANG_WARN_UNREACHABLE_CODE = YES;
				CLANG_WARN__DUPLICATE_METHOD_MATCH = YES;
				"CODE_SIGN_IDENTITY[sdk=iphoneos*]" = "iPhone Developer";
				COPY_PHASE_STRIP = NO;
				DEBUG_INFORMATION_FORMAT = "dwarf-with-dsym";
				ENABLE_NS_ASSERTIONS = NO;
				ENABLE_STRICT_OBJC_MSGSEND = YES;
				GCC_C_LANGUAGE_STANDARD = gnu99;
				GCC_NO_COMMON_BLOCKS = YES;
				GCC_WARN_64_TO_32_BIT_CONVERSION = YES;
				GCC_WARN_ABOUT_RETURN_TYPE = YES_ERROR;
				GCC_WARN_UNDECLARED_SELECTOR = YES;
				GCC_WARN_UNINITIALIZED_AUTOS = YES_AGGRESSIVE;
				GCC_WARN_UNUSED_FUNCTION = YES;
				GCC_WARN_UNUSED_VARIABLE = YES;
				IPHONEOS_DEPLOYMENT_TARGET = 10.3;
				MTL_ENABLE_DEBUG_INFO = NO;
				SDKROOT = iphoneos;
				SWIFT_OPTIMIZATION_LEVEL = "-Owholemodule";
				VALIDATE_PRODUCT = YES;
			};
			name = Release;
		};
		FD94E7F51F44BF9B00091796 /* Debug */ = {
			isa = XCBuildConfiguration;
			buildSettings = {
				ASSETCATALOG_COMPILER_APPICON_NAME = AppIcon;
				DEVELOPMENT_TEAM = 9Q8KVW72F5;
				INFOPLIST_FILE = SideMenu/Info.plist;
				LD_RUNPATH_SEARCH_PATHS = "$(inherited) @executable_path/Frameworks";
				PRODUCT_BUNDLE_IDENTIFIER = com.christianmcmullin.SideMenu;
				PRODUCT_NAME = "$(TARGET_NAME)";
				SWIFT_VERSION = 3.0;
			};
			name = Debug;
		};
		FD94E7F61F44BF9B00091796 /* Release */ = {
			isa = XCBuildConfiguration;
			buildSettings = {
				ASSETCATALOG_COMPILER_APPICON_NAME = AppIcon;
				DEVELOPMENT_TEAM = 9Q8KVW72F5;
				INFOPLIST_FILE = SideMenu/Info.plist;
				LD_RUNPATH_SEARCH_PATHS = "$(inherited) @executable_path/Frameworks";
				PRODUCT_BUNDLE_IDENTIFIER = com.christianmcmullin.SideMenu;
				PRODUCT_NAME = "$(TARGET_NAME)";
				SWIFT_VERSION = 3.0;
			};
			name = Release;
		};
/* End XCBuildConfiguration section */

/* Begin XCConfigurationList section */
		FD94E7DD1F44BF9B00091796 /* Build configuration list for PBXProject "SideMenu" */ = {
			isa = XCConfigurationList;
			buildConfigurations = (
				FD94E7F21F44BF9B00091796 /* Debug */,
				FD94E7F31F44BF9B00091796 /* Release */,
			);
			defaultConfigurationIsVisible = 0;
			defaultConfigurationName = Release;
		};
		FD94E7F41F44BF9B00091796 /* Build configuration list for PBXNativeTarget "SideMenu" */ = {
			isa = XCConfigurationList;
			buildConfigurations = (
				FD94E7F51F44BF9B00091796 /* Debug */,
				FD94E7F61F44BF9B00091796 /* Release */,
			);
			defaultConfigurationIsVisible = 0;
		};
/* End XCConfigurationList section */
	};
	rootObject = FD94E7DA1F44BF9B00091796 /* Project object */;
}
