// !$*UTF8*$!
{
	archiveVersion = 1;
	classes = {
	};
	objectVersion = 46;
	objects = {

/* Begin PBXBuildFile section */
		FD6C138A1ECB8EBC0034E67C /* RecipeListViewController.swift in Sources */ = {isa = PBXBuildFile; fileRef = FD6C13891ECB8EBC0034E67C /* RecipeListViewController.swift */; };
		FD6C138C1ECB91610034E67C /* RecipeCollectionViewCell.swift in Sources */ = {isa = PBXBuildFile; fileRef = FD6C138B1ECB91610034E67C /* RecipeCollectionViewCell.swift */; };
		FD6D64AF1F15306000E23FC2 /* StackOverflow solutions.swift in Sources */ = {isa = PBXBuildFile; fileRef = FD6D64AE1F15306000E23FC2 /* StackOverflow solutions.swift */; };
		FD6D64B11F15314100E23FC2 /* ImageResizing.swift in Sources */ = {isa = PBXBuildFile; fileRef = FD6D64B01F15314100E23FC2 /* ImageResizing.swift */; };
		FD6E1F661EABCF18005D1C5A /* MemberCollectionViewCell.swift in Sources */ = {isa = PBXBuildFile; fileRef = FD6E1F651EABCF18005D1C5A /* MemberCollectionViewCell.swift */; };
		FD7561FC1E75361B0059DE3D /* AppDelegate.swift in Sources */ = {isa = PBXBuildFile; fileRef = FD7561FB1E75361B0059DE3D /* AppDelegate.swift */; };
		FD7562011E75361B0059DE3D /* Main.storyboard in Resources */ = {isa = PBXBuildFile; fileRef = FD7561FF1E75361B0059DE3D /* Main.storyboard */; };
		FD7562031E75361B0059DE3D /* Assets.xcassets in Resources */ = {isa = PBXBuildFile; fileRef = FD7562021E75361B0059DE3D /* Assets.xcassets */; };
		FD75A1221ED4C19D0071600F /* TabBarViewController.swift in Sources */ = {isa = PBXBuildFile; fileRef = FD75A1211ED4C19D0071600F /* TabBarViewController.swift */; };
		FD7A5CC71EB4EC930070ADEC /* WhatsNew.swift in Sources */ = {isa = PBXBuildFile; fileRef = FD7A5CC61EB4EC930070ADEC /* WhatsNew.swift */; };
		FD7A5CE91EB85A0B0070ADEC /* GroupRecipeCollectionViewCell.swift in Sources */ = {isa = PBXBuildFile; fileRef = FD7A5CE81EB85A0B0070ADEC /* GroupRecipeCollectionViewCell.swift */; };
		FD8809781ECA20D400D2A215 /* Feature.swift in Sources */ = {isa = PBXBuildFile; fileRef = FD8809771ECA20D400D2A215 /* Feature.swift */; };
		FD88097A1ECA20D900D2A215 /* Bug.swift in Sources */ = {isa = PBXBuildFile; fileRef = FD8809791ECA20D900D2A215 /* Bug.swift */; };
		FD88097E1ECA238300D2A215 /* BugController.swift in Sources */ = {isa = PBXBuildFile; fileRef = FD88097D1ECA238300D2A215 /* BugController.swift */; };
		FD8809801ECA238A00D2A215 /* FeatureController.swift in Sources */ = {isa = PBXBuildFile; fileRef = FD88097F1ECA238A00D2A215 /* FeatureController.swift */; };
		FD8809821ECA27B200D2A215 /* RequestTableViewController.swift in Sources */ = {isa = PBXBuildFile; fileRef = FD8809811ECA27B200D2A215 /* RequestTableViewController.swift */; };
		FD91EDB61EBAA1A40001F898 /* GroupRecipeViewController.swift in Sources */ = {isa = PBXBuildFile; fileRef = FD91EDB51EBAA1A40001F898 /* GroupRecipeViewController.swift */; };
		FD95AE7B1F41FD9000441A59 /* IngredientController.swift in Sources */ = {isa = PBXBuildFile; fileRef = FD95AE7A1F41FD9000441A59 /* IngredientController.swift */; };
		FD95AE7D1F41FD9800441A59 /* InstructionController.swift in Sources */ = {isa = PBXBuildFile; fileRef = FD95AE7C1F41FD9800441A59 /* InstructionController.swift */; };
		FDA5312E1E7B904C00DC3DB3 /* Group+CloudKit.swift in Sources */ = {isa = PBXBuildFile; fileRef = FDA5312D1E7B904C00DC3DB3 /* Group+CloudKit.swift */; };
		FDA531301E7BB96A00DC3DB3 /* UserController.swift in Sources */ = {isa = PBXBuildFile; fileRef = FDA5312F1E7BB96A00DC3DB3 /* UserController.swift */; };
		FDA531321E7BB97300DC3DB3 /* GroupController.swift in Sources */ = {isa = PBXBuildFile; fileRef = FDA531311E7BB97300DC3DB3 /* GroupController.swift */; };
		FDC0FA0B1E8AF50800D32052 /* LaunchScreenCopyViewController.swift in Sources */ = {isa = PBXBuildFile; fileRef = FDC0FA0A1E8AF50800D32052 /* LaunchScreenCopyViewController.swift */; };
		FDC0FA301E8C05AE00D32052 /* GroupListTableViewController.swift in Sources */ = {isa = PBXBuildFile; fileRef = FDC0FA2F1E8C05AE00D32052 /* GroupListTableViewController.swift */; };
		FDC0FA321E8C0F7100D32052 /* AddGroupViewController.swift in Sources */ = {isa = PBXBuildFile; fileRef = FDC0FA311E8C0F7100D32052 /* AddGroupViewController.swift */; };
		FDC0FA341E8C0F8000D32052 /* GroupDetailViewController.swift in Sources */ = {isa = PBXBuildFile; fileRef = FDC0FA331E8C0F8000D32052 /* GroupDetailViewController.swift */; };
		FDC0FA3A1E8C751200D32052 /* AddRecipesToGroupTableViewController.swift in Sources */ = {isa = PBXBuildFile; fileRef = FDC0FA391E8C751200D32052 /* AddRecipesToGroupTableViewController.swift */; };
		FDD404201F7F3AB40002D736 /* AccountCreation.storyboard in Resources */ = {isa = PBXBuildFile; fileRef = FDD4041E1F7F3AB40002D736 /* AccountCreation.storyboard */; };
		FDD404221F7F3AE70002D736 /* TabBar.storyboard in Resources */ = {isa = PBXBuildFile; fileRef = FDD404211F7F3AE70002D736 /* TabBar.storyboard */; };
		FDD404251F7F3B920002D736 /* RecipeList.storyboard in Resources */ = {isa = PBXBuildFile; fileRef = FDD404231F7F3B920002D736 /* RecipeList.storyboard */; };
		FDD404281F7F3BE20002D736 /* Profile.storyboard in Resources */ = {isa = PBXBuildFile; fileRef = FDD404261F7F3BE20002D736 /* Profile.storyboard */; };
		FDD4042B1F7F3CB20002D736 /* Settings.storyboard in Resources */ = {isa = PBXBuildFile; fileRef = FDD404291F7F3CB20002D736 /* Settings.storyboard */; };
		FDD4042E1F7F3D040002D736 /* RecipeCreation.storyboard in Resources */ = {isa = PBXBuildFile; fileRef = FDD4042C1F7F3D040002D736 /* RecipeCreation.storyboard */; };
		FDD404311F7F3D510002D736 /* GroupRecipe.storyboard in Resources */ = {isa = PBXBuildFile; fileRef = FDD4042F1F7F3D510002D736 /* GroupRecipe.storyboard */; };
		FDD404341F7F3D810002D736 /* Group.storyboard in Resources */ = {isa = PBXBuildFile; fileRef = FDD404321F7F3D810002D736 /* Group.storyboard */; };
		FDD7D93B1E7738B600B19F21 /* ProfileViewController.swift in Sources */ = {isa = PBXBuildFile; fileRef = FDD7D93A1E7738B600B19F21 /* ProfileViewController.swift */; };
		FDD7D9431E77395900B19F21 /* ProfileFeedTableViewCell.swift in Sources */ = {isa = PBXBuildFile; fileRef = FDD7D9421E77395900B19F21 /* ProfileFeedTableViewCell.swift */; };
		FDD7D94A1E773BE000B19F21 /* Constants.swift in Sources */ = {isa = PBXBuildFile; fileRef = FDD7D9491E773BE000B19F21 /* Constants.swift */; };
		FDD7D94E1E773D3D00B19F21 /* CloudKit.framework in Frameworks */ = {isa = PBXBuildFile; fileRef = FDD7D94D1E773D3D00B19F21 /* CloudKit.framework */; };
		FDD7D9591E77466600B19F21 /* RecipeController.swift in Sources */ = {isa = PBXBuildFile; fileRef = FDD7D9581E77466600B19F21 /* RecipeController.swift */; };
		FDD7D95D1E7746C900B19F21 /* CloudKitManager.swift in Sources */ = {isa = PBXBuildFile; fileRef = FDD7D95C1E7746C900B19F21 /* CloudKitManager.swift */; };
		FDD7D95F1E7754E400B19F21 /* Recipe.swift in Sources */ = {isa = PBXBuildFile; fileRef = FDD7D95E1E7754E400B19F21 /* Recipe.swift */; };
		FDD7D9611E7759CB00B19F21 /* Ingredient.swift in Sources */ = {isa = PBXBuildFile; fileRef = FDD7D9601E7759CB00B19F21 /* Ingredient.swift */; };
		FDD7D9631E7759D100B19F21 /* Instruction.swift in Sources */ = {isa = PBXBuildFile; fileRef = FDD7D9621E7759D100B19F21 /* Instruction.swift */; };
		FDD7D9691E785AF100B19F21 /* AddRecipeViewController.swift in Sources */ = {isa = PBXBuildFile; fileRef = FDD7D9681E785AF100B19F21 /* AddRecipeViewController.swift */; };
		FDD7D9741E7A58BA00B19F21 /* User.swift in Sources */ = {isa = PBXBuildFile; fileRef = FDD7D9731E7A58BA00B19F21 /* User.swift */; };
		FDD7D9761E7A58C400B19F21 /* User+CloudKit.swift in Sources */ = {isa = PBXBuildFile; fileRef = FDD7D9751E7A58C400B19F21 /* User+CloudKit.swift */; };
		FDD7D9791E7AE02F00B19F21 /* Group.swift in Sources */ = {isa = PBXBuildFile; fileRef = FDD7D9781E7AE02F00B19F21 /* Group.swift */; };
		FDD7D97D1E7AFB7D00B19F21 /* UsernameViewController.swift in Sources */ = {isa = PBXBuildFile; fileRef = FDD7D97C1E7AFB7C00B19F21 /* UsernameViewController.swift */; };
		FDE6BED81E92F7A30045C865 /* LoadingView.swift in Sources */ = {isa = PBXBuildFile; fileRef = FDE6BED71E92F7A30045C865 /* LoadingView.swift */; };
/* End PBXBuildFile section */

/* Begin PBXFileReference section */
		FD6C13891ECB8EBC0034E67C /* RecipeListViewController.swift */ = {isa = PBXFileReference; fileEncoding = 4; lastKnownFileType = sourcecode.swift; path = RecipeListViewController.swift; sourceTree = "<group>"; };
		FD6C138B1ECB91610034E67C /* RecipeCollectionViewCell.swift */ = {isa = PBXFileReference; fileEncoding = 4; lastKnownFileType = sourcecode.swift; path = RecipeCollectionViewCell.swift; sourceTree = "<group>"; };
		FD6D64AE1F15306000E23FC2 /* StackOverflow solutions.swift */ = {isa = PBXFileReference; fileEncoding = 4; lastKnownFileType = sourcecode.swift; path = "StackOverflow solutions.swift"; sourceTree = "<group>"; };
		FD6D64B01F15314100E23FC2 /* ImageResizing.swift */ = {isa = PBXFileReference; fileEncoding = 4; lastKnownFileType = sourcecode.swift; path = ImageResizing.swift; sourceTree = "<group>"; };
		FD6E1F651EABCF18005D1C5A /* MemberCollectionViewCell.swift */ = {isa = PBXFileReference; fileEncoding = 4; lastKnownFileType = sourcecode.swift; path = MemberCollectionViewCell.swift; sourceTree = "<group>"; };
		FD7561F81E75361B0059DE3D /* TheRecipeBox.app */ = {isa = PBXFileReference; explicitFileType = wrapper.application; includeInIndex = 0; path = TheRecipeBox.app; sourceTree = BUILT_PRODUCTS_DIR; };
		FD7561FB1E75361B0059DE3D /* AppDelegate.swift */ = {isa = PBXFileReference; lastKnownFileType = sourcecode.swift; path = AppDelegate.swift; sourceTree = "<group>"; };
		FD7562001E75361B0059DE3D /* Base */ = {isa = PBXFileReference; lastKnownFileType = file.storyboard; name = Base; path = Base.lproj/Main.storyboard; sourceTree = "<group>"; };
		FD7562021E75361B0059DE3D /* Assets.xcassets */ = {isa = PBXFileReference; lastKnownFileType = folder.assetcatalog; path = Assets.xcassets; sourceTree = "<group>"; };
		FD7562071E75361B0059DE3D /* Info.plist */ = {isa = PBXFileReference; lastKnownFileType = text.plist.xml; path = Info.plist; sourceTree = "<group>"; };
		FD75A1211ED4C19D0071600F /* TabBarViewController.swift */ = {isa = PBXFileReference; fileEncoding = 4; lastKnownFileType = sourcecode.swift; path = TabBarViewController.swift; sourceTree = "<group>"; };
		FD7A5CC61EB4EC930070ADEC /* WhatsNew.swift */ = {isa = PBXFileReference; fileEncoding = 4; lastKnownFileType = sourcecode.swift; path = WhatsNew.swift; sourceTree = "<group>"; };
		FD7A5CE81EB85A0B0070ADEC /* GroupRecipeCollectionViewCell.swift */ = {isa = PBXFileReference; fileEncoding = 4; lastKnownFileType = sourcecode.swift; path = GroupRecipeCollectionViewCell.swift; sourceTree = "<group>"; };
		FD8809771ECA20D400D2A215 /* Feature.swift */ = {isa = PBXFileReference; fileEncoding = 4; lastKnownFileType = sourcecode.swift; path = Feature.swift; sourceTree = "<group>"; };
		FD8809791ECA20D900D2A215 /* Bug.swift */ = {isa = PBXFileReference; fileEncoding = 4; lastKnownFileType = sourcecode.swift; path = Bug.swift; sourceTree = "<group>"; };
		FD88097D1ECA238300D2A215 /* BugController.swift */ = {isa = PBXFileReference; fileEncoding = 4; lastKnownFileType = sourcecode.swift; path = BugController.swift; sourceTree = "<group>"; };
		FD88097F1ECA238A00D2A215 /* FeatureController.swift */ = {isa = PBXFileReference; fileEncoding = 4; lastKnownFileType = sourcecode.swift; path = FeatureController.swift; sourceTree = "<group>"; };
		FD8809811ECA27B200D2A215 /* RequestTableViewController.swift */ = {isa = PBXFileReference; fileEncoding = 4; lastKnownFileType = sourcecode.swift; path = RequestTableViewController.swift; sourceTree = "<group>"; };
		FD91EDB51EBAA1A40001F898 /* GroupRecipeViewController.swift */ = {isa = PBXFileReference; fileEncoding = 4; lastKnownFileType = sourcecode.swift; path = GroupRecipeViewController.swift; sourceTree = "<group>"; };
		FD95AE7A1F41FD9000441A59 /* IngredientController.swift */ = {isa = PBXFileReference; lastKnownFileType = sourcecode.swift; path = IngredientController.swift; sourceTree = "<group>"; };
		FD95AE7C1F41FD9800441A59 /* InstructionController.swift */ = {isa = PBXFileReference; lastKnownFileType = sourcecode.swift; path = InstructionController.swift; sourceTree = "<group>"; };
		FDA5312D1E7B904C00DC3DB3 /* Group+CloudKit.swift */ = {isa = PBXFileReference; fileEncoding = 4; lastKnownFileType = sourcecode.swift; path = "Group+CloudKit.swift"; sourceTree = "<group>"; };
		FDA5312F1E7BB96A00DC3DB3 /* UserController.swift */ = {isa = PBXFileReference; fileEncoding = 4; lastKnownFileType = sourcecode.swift; lineEnding = 0; path = UserController.swift; sourceTree = "<group>"; xcLanguageSpecificationIdentifier = xcode.lang.swift; };
		FDA531311E7BB97300DC3DB3 /* GroupController.swift */ = {isa = PBXFileReference; fileEncoding = 4; lastKnownFileType = sourcecode.swift; path = GroupController.swift; sourceTree = "<group>"; };
		FDC0FA0A1E8AF50800D32052 /* LaunchScreenCopyViewController.swift */ = {isa = PBXFileReference; fileEncoding = 4; lastKnownFileType = sourcecode.swift; path = LaunchScreenCopyViewController.swift; sourceTree = "<group>"; };
		FDC0FA2F1E8C05AE00D32052 /* GroupListTableViewController.swift */ = {isa = PBXFileReference; fileEncoding = 4; lastKnownFileType = sourcecode.swift; path = GroupListTableViewController.swift; sourceTree = "<group>"; };
		FDC0FA311E8C0F7100D32052 /* AddGroupViewController.swift */ = {isa = PBXFileReference; fileEncoding = 4; lastKnownFileType = sourcecode.swift; path = AddGroupViewController.swift; sourceTree = "<group>"; };
		FDC0FA331E8C0F8000D32052 /* GroupDetailViewController.swift */ = {isa = PBXFileReference; fileEncoding = 4; lastKnownFileType = sourcecode.swift; path = GroupDetailViewController.swift; sourceTree = "<group>"; };
		FDC0FA391E8C751200D32052 /* AddRecipesToGroupTableViewController.swift */ = {isa = PBXFileReference; fileEncoding = 4; lastKnownFileType = sourcecode.swift; lineEnding = 0; path = AddRecipesToGroupTableViewController.swift; sourceTree = "<group>"; xcLanguageSpecificationIdentifier = xcode.lang.swift; };
		FDD4041F1F7F3AB40002D736 /* Base */ = {isa = PBXFileReference; lastKnownFileType = file.storyboard; name = Base; path = TheRecipeBox/Base.lproj/AccountCreation.storyboard; sourceTree = "<group>"; };
		FDD404211F7F3AE70002D736 /* TabBar.storyboard */ = {isa = PBXFileReference; fileEncoding = 4; lastKnownFileType = file.storyboard; name = TabBar.storyboard; path = ../TabBar.storyboard; sourceTree = "<group>"; };
		FDD404241F7F3B920002D736 /* Base */ = {isa = PBXFileReference; lastKnownFileType = file.storyboard; name = Base; path = TheRecipeBox/Base.lproj/RecipeList.storyboard; sourceTree = "<group>"; };
		FDD404271F7F3BE20002D736 /* Base */ = {isa = PBXFileReference; lastKnownFileType = file.storyboard; name = Base; path = TheRecipeBox/Base.lproj/Profile.storyboard; sourceTree = "<group>"; };
		FDD4042A1F7F3CB20002D736 /* Base */ = {isa = PBXFileReference; lastKnownFileType = file.storyboard; name = Base; path = TheRecipeBox/Base.lproj/Settings.storyboard; sourceTree = "<group>"; };
		FDD4042D1F7F3D040002D736 /* Base */ = {isa = PBXFileReference; lastKnownFileType = file.storyboard; name = Base; path = TheRecipeBox/Base.lproj/RecipeCreation.storyboard; sourceTree = "<group>"; };
		FDD404301F7F3D510002D736 /* Base */ = {isa = PBXFileReference; lastKnownFileType = file.storyboard; name = Base; path = TheRecipeBox/Base.lproj/GroupRecipe.storyboard; sourceTree = "<group>"; };
		FDD404331F7F3D810002D736 /* Base */ = {isa = PBXFileReference; lastKnownFileType = file.storyboard; name = Base; path = TheRecipeBox/Base.lproj/Group.storyboard; sourceTree = "<group>"; };
		FDD7D93A1E7738B600B19F21 /* ProfileViewController.swift */ = {isa = PBXFileReference; fileEncoding = 4; lastKnownFileType = sourcecode.swift; lineEnding = 0; path = ProfileViewController.swift; sourceTree = "<group>"; xcLanguageSpecificationIdentifier = xcode.lang.swift; };
		FDD7D9421E77395900B19F21 /* ProfileFeedTableViewCell.swift */ = {isa = PBXFileReference; fileEncoding = 4; lastKnownFileType = sourcecode.swift; path = ProfileFeedTableViewCell.swift; sourceTree = "<group>"; };
		FDD7D9491E773BE000B19F21 /* Constants.swift */ = {isa = PBXFileReference; fileEncoding = 4; lastKnownFileType = sourcecode.swift; lineEnding = 0; path = Constants.swift; sourceTree = "<group>"; xcLanguageSpecificationIdentifier = xcode.lang.swift; };
		FDD7D94B1E773D3B00B19F21 /* TheRecipeBox.entitlements */ = {isa = PBXFileReference; lastKnownFileType = text.plist.entitlements; path = TheRecipeBox.entitlements; sourceTree = "<group>"; };
		FDD7D94D1E773D3D00B19F21 /* CloudKit.framework */ = {isa = PBXFileReference; lastKnownFileType = wrapper.framework; name = CloudKit.framework; path = System/Library/Frameworks/CloudKit.framework; sourceTree = SDKROOT; };
		FDD7D9581E77466600B19F21 /* RecipeController.swift */ = {isa = PBXFileReference; fileEncoding = 4; lastKnownFileType = sourcecode.swift; lineEnding = 0; path = RecipeController.swift; sourceTree = "<group>"; xcLanguageSpecificationIdentifier = xcode.lang.swift; };
		FDD7D95C1E7746C900B19F21 /* CloudKitManager.swift */ = {isa = PBXFileReference; fileEncoding = 4; lastKnownFileType = sourcecode.swift; path = CloudKitManager.swift; sourceTree = "<group>"; };
		FDD7D95E1E7754E400B19F21 /* Recipe.swift */ = {isa = PBXFileReference; fileEncoding = 4; lastKnownFileType = sourcecode.swift; path = Recipe.swift; sourceTree = "<group>"; };
		FDD7D9601E7759CB00B19F21 /* Ingredient.swift */ = {isa = PBXFileReference; fileEncoding = 4; lastKnownFileType = sourcecode.swift; path = Ingredient.swift; sourceTree = "<group>"; };
		FDD7D9621E7759D100B19F21 /* Instruction.swift */ = {isa = PBXFileReference; fileEncoding = 4; lastKnownFileType = sourcecode.swift; path = Instruction.swift; sourceTree = "<group>"; };
		FDD7D9681E785AF100B19F21 /* AddRecipeViewController.swift */ = {isa = PBXFileReference; fileEncoding = 4; lastKnownFileType = sourcecode.swift; path = AddRecipeViewController.swift; sourceTree = "<group>"; };
		FDD7D9731E7A58BA00B19F21 /* User.swift */ = {isa = PBXFileReference; fileEncoding = 4; lastKnownFileType = sourcecode.swift; lineEnding = 0; path = User.swift; sourceTree = "<group>"; xcLanguageSpecificationIdentifier = xcode.lang.swift; };
		FDD7D9751E7A58C400B19F21 /* User+CloudKit.swift */ = {isa = PBXFileReference; fileEncoding = 4; lastKnownFileType = sourcecode.swift; lineEnding = 0; path = "User+CloudKit.swift"; sourceTree = "<group>"; xcLanguageSpecificationIdentifier = xcode.lang.swift; };
		FDD7D9781E7AE02F00B19F21 /* Group.swift */ = {isa = PBXFileReference; fileEncoding = 4; lastKnownFileType = sourcecode.swift; path = Group.swift; sourceTree = "<group>"; };
		FDD7D97C1E7AFB7C00B19F21 /* UsernameViewController.swift */ = {isa = PBXFileReference; fileEncoding = 4; lastKnownFileType = sourcecode.swift; lineEnding = 0; path = UsernameViewController.swift; sourceTree = "<group>"; xcLanguageSpecificationIdentifier = xcode.lang.swift; };
		FDE6BED71E92F7A30045C865 /* LoadingView.swift */ = {isa = PBXFileReference; fileEncoding = 4; lastKnownFileType = sourcecode.swift; path = LoadingView.swift; sourceTree = "<group>"; };
/* End PBXFileReference section */

/* Begin PBXFrameworksBuildPhase section */
		FD7561F51E75361B0059DE3D /* Frameworks */ = {
			isa = PBXFrameworksBuildPhase;
			buildActionMask = 2147483647;
			files = (
				FDD7D94E1E773D3D00B19F21 /* CloudKit.framework in Frameworks */,
			);
			runOnlyForDeploymentPostprocessing = 0;
		};
/* End PBXFrameworksBuildPhase section */

/* Begin PBXGroup section */
		FD6C13881ECB8AC30034E67C /* Storyboards */ = {
			isa = PBXGroup;
			children = (
				FDD4041E1F7F3AB40002D736 /* AccountCreation.storyboard */,
				FDD404321F7F3D810002D736 /* Group.storyboard */,
				FDD4042F1F7F3D510002D736 /* GroupRecipe.storyboard */,
				FD7561FF1E75361B0059DE3D /* Main.storyboard */,
				FDD404261F7F3BE20002D736 /* Profile.storyboard */,
				FDD4042C1F7F3D040002D736 /* RecipeCreation.storyboard */,
				FDD404231F7F3B920002D736 /* RecipeList.storyboard */,
				FDD404291F7F3CB20002D736 /* Settings.storyboard */,
				FDD404211F7F3AE70002D736 /* TabBar.storyboard */,
			);
			name = Storyboards;
			sourceTree = "<group>";
		};
		FD7561EF1E75361B0059DE3D = {
			isa = PBXGroup;
			children = (
				FD7561FA1E75361B0059DE3D /* TheRecipeBox */,
				FD7561F91E75361B0059DE3D /* Products */,
				FDD7D94C1E773D3D00B19F21 /* Frameworks */,
			);
			sourceTree = "<group>";
		};
		FD7561F91E75361B0059DE3D /* Products */ = {
			isa = PBXGroup;
			children = (
				FD7561F81E75361B0059DE3D /* TheRecipeBox.app */,
			);
			name = Products;
			sourceTree = "<group>";
		};
		FD7561FA1E75361B0059DE3D /* TheRecipeBox */ = {
			isa = PBXGroup;
			children = (
				FDD7D94B1E773D3B00B19F21 /* TheRecipeBox.entitlements */,
				FD7561FB1E75361B0059DE3D /* AppDelegate.swift */,
				FDD7D9401E77390C00B19F21 /* Models */,
				FDD7D93F1E77390A00B19F21 /* ModelControllers */,
				FDD7D93E1E77390500B19F21 /* ViewControllers */,
				FDD7D93D1E77390400B19F21 /* Views */,
				FDD7D93C1E77390300B19F21 /* Helpers */,
				FD6C13881ECB8AC30034E67C /* Storyboards */,
				FDD7D9411E77392800B19F21 /* Resources */,
			);
			path = TheRecipeBox;
			sourceTree = "<group>";
		};
		FD88097B1ECA20DC00D2A215 /* Bug */ = {
			isa = PBXGroup;
			children = (
				FD8809791ECA20D900D2A215 /* Bug.swift */,
			);
			name = Bug;
			sourceTree = "<group>";
		};
		FD88097C1ECA20DD00D2A215 /* Feature */ = {
			isa = PBXGroup;
			children = (
				FD8809771ECA20D400D2A215 /* Feature.swift */,
			);
			name = Feature;
			sourceTree = "<group>";
		};
		FDC0FA2D1E8C057800D32052 /* GroupViewControllers */ = {
			isa = PBXGroup;
			children = (
				FDC0FA2F1E8C05AE00D32052 /* GroupListTableViewController.swift */,
				FDC0FA311E8C0F7100D32052 /* AddGroupViewController.swift */,
				FDC0FA331E8C0F8000D32052 /* GroupDetailViewController.swift */,
				FDC0FA391E8C751200D32052 /* AddRecipesToGroupTableViewController.swift */,
				FD91EDB51EBAA1A40001F898 /* GroupRecipeViewController.swift */,
			);
			name = GroupViewControllers;
			sourceTree = "<group>";
		};
		FDC0FA2E1E8C058400D32052 /* RecipeViewControllers */ = {
			isa = PBXGroup;
			children = (
				FDD7D9681E785AF100B19F21 /* AddRecipeViewController.swift */,
				FD6C13891ECB8EBC0034E67C /* RecipeListViewController.swift */,
			);
			name = RecipeViewControllers;
			sourceTree = "<group>";
		};
		FDC875F91F8006D000282414 /* Profile */ = {
			isa = PBXGroup;
			children = (
				FDD7D93A1E7738B600B19F21 /* ProfileViewController.swift */,
			);
			name = Profile;
			sourceTree = "<group>";
		};
		FDC875FA1F8006DC00282414 /* TabBar */ = {
			isa = PBXGroup;
			children = (
				FD75A1211ED4C19D0071600F /* TabBarViewController.swift */,
			);
			name = TabBar;
			sourceTree = "<group>";
		};
		FDC875FB1F8006EA00282414 /* UserViewControllers */ = {
			isa = PBXGroup;
			children = (
				FDD7D97C1E7AFB7C00B19F21 /* UsernameViewController.swift */,
			);
			name = UserViewControllers;
			sourceTree = "<group>";
		};
		FDC875FC1F80070C00282414 /* LauchScreen */ = {
			isa = PBXGroup;
			children = (
				FDC0FA0A1E8AF50800D32052 /* LaunchScreenCopyViewController.swift */,
			);
			name = LauchScreen;
			sourceTree = "<group>";
		};
		FDC875FD1F80072500282414 /* Settings */ = {
			isa = PBXGroup;
			children = (
				FD8809811ECA27B200D2A215 /* RequestTableViewController.swift */,
			);
			name = Settings;
			sourceTree = "<group>";
		};
		FDD7D93C1E77390300B19F21 /* Helpers */ = {
			isa = PBXGroup;
			children = (
				FDD7D9491E773BE000B19F21 /* Constants.swift */,
				FDD7D95C1E7746C900B19F21 /* CloudKitManager.swift */,
				FD6D64B01F15314100E23FC2 /* ImageResizing.swift */,
			);
			name = Helpers;
			sourceTree = "<group>";
		};
		FDD7D93D1E77390400B19F21 /* Views */ = {
			isa = PBXGroup;
			children = (
				FD7A5CE81EB85A0B0070ADEC /* GroupRecipeCollectionViewCell.swift */,
				FDD7D9421E77395900B19F21 /* ProfileFeedTableViewCell.swift */,
				FD6C138B1ECB91610034E67C /* RecipeCollectionViewCell.swift */,
				FDE6BED71E92F7A30045C865 /* LoadingView.swift */,
				FD6E1F651EABCF18005D1C5A /* MemberCollectionViewCell.swift */,
			);
			name = Views;
			sourceTree = "<group>";
		};
		FDD7D93E1E77390500B19F21 /* ViewControllers */ = {
			isa = PBXGroup;
			children = (
				FDC875FC1F80070C00282414 /* LauchScreen */,
				FDC875FB1F8006EA00282414 /* UserViewControllers */,
				FDC875F91F8006D000282414 /* Profile */,
				FDC0FA2E1E8C058400D32052 /* RecipeViewControllers */,
				FDC875FD1F80072500282414 /* Settings */,
				FDC875FA1F8006DC00282414 /* TabBar */,
				FDC0FA2D1E8C057800D32052 /* GroupViewControllers */,
			);
			name = ViewControllers;
			sourceTree = "<group>";
		};
		FDD7D93F1E77390A00B19F21 /* ModelControllers */ = {
			isa = PBXGroup;
			children = (
				FDD7D9581E77466600B19F21 /* RecipeController.swift */,
				FDA5312F1E7BB96A00DC3DB3 /* UserController.swift */,
				FDA531311E7BB97300DC3DB3 /* GroupController.swift */,
				FD88097D1ECA238300D2A215 /* BugController.swift */,
				FD88097F1ECA238A00D2A215 /* FeatureController.swift */,
				FD95AE7A1F41FD9000441A59 /* IngredientController.swift */,
				FD95AE7C1F41FD9800441A59 /* InstructionController.swift */,
			);
			name = ModelControllers;
			sourceTree = "<group>";
		};
		FDD7D9401E77390C00B19F21 /* Models */ = {
			isa = PBXGroup;
			children = (
				FD88097C1ECA20DD00D2A215 /* Feature */,
				FD88097B1ECA20DC00D2A215 /* Bug */,
				FDD7D9771E7AE01D00B19F21 /* Group */,
				FDD7D9721E7A58AD00B19F21 /* Users */,
				FDD7D9551E77441C00B19F21 /* Recipe */,
			);
			name = Models;
			sourceTree = "<group>";
		};
		FDD7D9411E77392800B19F21 /* Resources */ = {
			isa = PBXGroup;
			children = (
				FD7562021E75361B0059DE3D /* Assets.xcassets */,
				FD7562071E75361B0059DE3D /* Info.plist */,
				FD7A5CC61EB4EC930070ADEC /* WhatsNew.swift */,
				FD6D64AE1F15306000E23FC2 /* StackOverflow solutions.swift */,
			);
			name = Resources;
			sourceTree = "<group>";
		};
		FDD7D94C1E773D3D00B19F21 /* Frameworks */ = {
			isa = PBXGroup;
			children = (
				FDD7D94D1E773D3D00B19F21 /* CloudKit.framework */,
			);
			name = Frameworks;
			sourceTree = "<group>";
		};
		FDD7D9551E77441C00B19F21 /* Recipe */ = {
			isa = PBXGroup;
			children = (
				FDD7D95E1E7754E400B19F21 /* Recipe.swift */,
				FDD7D9601E7759CB00B19F21 /* Ingredient.swift */,
				FDD7D9621E7759D100B19F21 /* Instruction.swift */,
			);
			name = Recipe;
			sourceTree = "<group>";
		};
		FDD7D9721E7A58AD00B19F21 /* Users */ = {
			isa = PBXGroup;
			children = (
				FDD7D9731E7A58BA00B19F21 /* User.swift */,
				FDD7D9751E7A58C400B19F21 /* User+CloudKit.swift */,
			);
			name = Users;
			sourceTree = "<group>";
		};
		FDD7D9771E7AE01D00B19F21 /* Group */ = {
			isa = PBXGroup;
			children = (
				FDD7D9781E7AE02F00B19F21 /* Group.swift */,
				FDA5312D1E7B904C00DC3DB3 /* Group+CloudKit.swift */,
			);
			name = Group;
			sourceTree = "<group>";
		};
/* End PBXGroup section */

/* Begin PBXNativeTarget section */
		FD7561F71E75361B0059DE3D /* TheRecipeBox */ = {
			isa = PBXNativeTarget;
			buildConfigurationList = FD75620A1E75361B0059DE3D /* Build configuration list for PBXNativeTarget "TheRecipeBox" */;
			buildPhases = (
				FD7561F41E75361B0059DE3D /* Sources */,
				FD7561F51E75361B0059DE3D /* Frameworks */,
				FD7561F61E75361B0059DE3D /* Resources */,
			);
			buildRules = (
			);
			dependencies = (
			);
			name = TheRecipeBox;
			productName = TheRecipeBox;
			productReference = FD7561F81E75361B0059DE3D /* TheRecipeBox.app */;
			productType = "com.apple.product-type.application";
		};
/* End PBXNativeTarget section */

/* Begin PBXProject section */
		FD7561F01E75361B0059DE3D /* Project object */ = {
			isa = PBXProject;
			attributes = {
				LastSwiftUpdateCheck = 0820;
				LastUpgradeCheck = 0820;
				ORGANIZATIONNAME = "Christian McMullin";
				TargetAttributes = {
					FD7561F71E75361B0059DE3D = {
						CreatedOnToolsVersion = 8.2.1;
						DevelopmentTeam = 9Q8KVW72F5;
						ProvisioningStyle = Automatic;
						SystemCapabilities = {
							com.apple.Push = {
								enabled = 1;
							};
							com.apple.iCloud = {
								enabled = 1;
							};
						};
					};
				};
			};
			buildConfigurationList = FD7561F31E75361B0059DE3D /* Build configuration list for PBXProject "TheRecipeBox" */;
			compatibilityVersion = "Xcode 3.2";
			developmentRegion = English;
			hasScannedForEncodings = 0;
			knownRegions = (
				en,
				Base,
			);
			mainGroup = FD7561EF1E75361B0059DE3D;
			productRefGroup = FD7561F91E75361B0059DE3D /* Products */;
			projectDirPath = "";
			projectRoot = "";
			targets = (
				FD7561F71E75361B0059DE3D /* TheRecipeBox */,
			);
		};
/* End PBXProject section */

/* Begin PBXResourcesBuildPhase section */
		FD7561F61E75361B0059DE3D /* Resources */ = {
			isa = PBXResourcesBuildPhase;
			buildActionMask = 2147483647;
			files = (
				FDD404281F7F3BE20002D736 /* Profile.storyboard in Resources */,
				FDD404221F7F3AE70002D736 /* TabBar.storyboard in Resources */,
				FD7562031E75361B0059DE3D /* Assets.xcassets in Resources */,
				FDD404251F7F3B920002D736 /* RecipeList.storyboard in Resources */,
				FDD404341F7F3D810002D736 /* Group.storyboard in Resources */,
				FD7562011E75361B0059DE3D /* Main.storyboard in Resources */,
				FDD4042E1F7F3D040002D736 /* RecipeCreation.storyboard in Resources */,
				FDD404311F7F3D510002D736 /* GroupRecipe.storyboard in Resources */,
				FDD404201F7F3AB40002D736 /* AccountCreation.storyboard in Resources */,
				FDD4042B1F7F3CB20002D736 /* Settings.storyboard in Resources */,
			);
			runOnlyForDeploymentPostprocessing = 0;
		};
/* End PBXResourcesBuildPhase section */

/* Begin PBXSourcesBuildPhase section */
		FD7561F41E75361B0059DE3D /* Sources */ = {
			isa = PBXSourcesBuildPhase;
			buildActionMask = 2147483647;
			files = (
				FDA5312E1E7B904C00DC3DB3 /* Group+CloudKit.swift in Sources */,
				FDC0FA341E8C0F8000D32052 /* GroupDetailViewController.swift in Sources */,
				FD6C138A1ECB8EBC0034E67C /* RecipeListViewController.swift in Sources */,
				FDC0FA3A1E8C751200D32052 /* AddRecipesToGroupTableViewController.swift in Sources */,
				FD6D64B11F15314100E23FC2 /* ImageResizing.swift in Sources */,
				FDD7D95D1E7746C900B19F21 /* CloudKitManager.swift in Sources */,
				FDD7D9611E7759CB00B19F21 /* Ingredient.swift in Sources */,
				FDA531301E7BB96A00DC3DB3 /* UserController.swift in Sources */,
				FDD7D9591E77466600B19F21 /* RecipeController.swift in Sources */,
				FDD7D93B1E7738B600B19F21 /* ProfileViewController.swift in Sources */,
				FD7A5CC71EB4EC930070ADEC /* WhatsNew.swift in Sources */,
				FDC0FA321E8C0F7100D32052 /* AddGroupViewController.swift in Sources */,
				FD91EDB61EBAA1A40001F898 /* GroupRecipeViewController.swift in Sources */,
				FDD7D9431E77395900B19F21 /* ProfileFeedTableViewCell.swift in Sources */,
				FDD7D97D1E7AFB7D00B19F21 /* UsernameViewController.swift in Sources */,
				FDD7D9791E7AE02F00B19F21 /* Group.swift in Sources */,
				FDC0FA301E8C05AE00D32052 /* GroupListTableViewController.swift in Sources */,
				FDD7D9761E7A58C400B19F21 /* User+CloudKit.swift in Sources */,
				FD95AE7B1F41FD9000441A59 /* IngredientController.swift in Sources */,
				FD6D64AF1F15306000E23FC2 /* StackOverflow solutions.swift in Sources */,
				FD8809801ECA238A00D2A215 /* FeatureController.swift in Sources */,
				FDD7D9741E7A58BA00B19F21 /* User.swift in Sources */,
				FDD7D95F1E7754E400B19F21 /* Recipe.swift in Sources */,
				FDD7D9691E785AF100B19F21 /* AddRecipeViewController.swift in Sources */,
				FD8809821ECA27B200D2A215 /* RequestTableViewController.swift in Sources */,
				FD95AE7D1F41FD9800441A59 /* InstructionController.swift in Sources */,
				FDA531321E7BB97300DC3DB3 /* GroupController.swift in Sources */,
				FD88097E1ECA238300D2A215 /* BugController.swift in Sources */,
				FD88097A1ECA20D900D2A215 /* Bug.swift in Sources */,
				FDE6BED81E92F7A30045C865 /* LoadingView.swift in Sources */,
				FD6E1F661EABCF18005D1C5A /* MemberCollectionViewCell.swift in Sources */,
				FD7561FC1E75361B0059DE3D /* AppDelegate.swift in Sources */,
				FD7A5CE91EB85A0B0070ADEC /* GroupRecipeCollectionViewCell.swift in Sources */,
				FD75A1221ED4C19D0071600F /* TabBarViewController.swift in Sources */,
				FDD7D94A1E773BE000B19F21 /* Constants.swift in Sources */,
				FD8809781ECA20D400D2A215 /* Feature.swift in Sources */,
				FDD7D9631E7759D100B19F21 /* Instruction.swift in Sources */,
				FDC0FA0B1E8AF50800D32052 /* LaunchScreenCopyViewController.swift in Sources */,
				FD6C138C1ECB91610034E67C /* RecipeCollectionViewCell.swift in Sources */,
			);
			runOnlyForDeploymentPostprocessing = 0;
		};
/* End PBXSourcesBuildPhase section */

/* Begin PBXVariantGroup section */
		FD7561FF1E75361B0059DE3D /* Main.storyboard */ = {
			isa = PBXVariantGroup;
			children = (
				FD7562001E75361B0059DE3D /* Base */,
			);
			name = Main.storyboard;
			sourceTree = "<group>";
		};
		FDD4041E1F7F3AB40002D736 /* AccountCreation.storyboard */ = {
			isa = PBXVariantGroup;
			children = (
				FDD4041F1F7F3AB40002D736 /* Base */,
			);
			name = AccountCreation.storyboard;
			sourceTree = "<group>";
		};
		FDD404231F7F3B920002D736 /* RecipeList.storyboard */ = {
			isa = PBXVariantGroup;
			children = (
				FDD404241F7F3B920002D736 /* Base */,
			);
			name = RecipeList.storyboard;
			sourceTree = "<group>";
		};
		FDD404261F7F3BE20002D736 /* Profile.storyboard */ = {
			isa = PBXVariantGroup;
			children = (
				FDD404271F7F3BE20002D736 /* Base */,
			);
			name = Profile.storyboard;
			sourceTree = "<group>";
		};
		FDD404291F7F3CB20002D736 /* Settings.storyboard */ = {
			isa = PBXVariantGroup;
			children = (
				FDD4042A1F7F3CB20002D736 /* Base */,
			);
			name = Settings.storyboard;
			sourceTree = "<group>";
		};
		FDD4042C1F7F3D040002D736 /* RecipeCreation.storyboard */ = {
			isa = PBXVariantGroup;
			children = (
				FDD4042D1F7F3D040002D736 /* Base */,
			);
			name = RecipeCreation.storyboard;
			sourceTree = "<group>";
		};
		FDD4042F1F7F3D510002D736 /* GroupRecipe.storyboard */ = {
			isa = PBXVariantGroup;
			children = (
				FDD404301F7F3D510002D736 /* Base */,
			);
			name = GroupRecipe.storyboard;
			sourceTree = "<group>";
		};
		FDD404321F7F3D810002D736 /* Group.storyboard */ = {
			isa = PBXVariantGroup;
			children = (
				FDD404331F7F3D810002D736 /* Base */,
			);
			name = Group.storyboard;
			sourceTree = "<group>";
		};
/* End PBXVariantGroup section */

/* Begin XCBuildConfiguration section */
		FD7562081E75361B0059DE3D /* Debug */ = {
			isa = XCBuildConfiguration;
			buildSettings = {
				ALWAYS_SEARCH_USER_PATHS = NO;
				CLANG_ANALYZER_NONNULL = YES;
				CLANG_CXX_LANGUAGE_STANDARD = "gnu++0x";
				CLANG_CXX_LIBRARY = "libc++";
				CLANG_ENABLE_MODULES = YES;
				CLANG_ENABLE_OBJC_ARC = YES;
				CLANG_WARN_BOOL_CONVERSION = YES;
				CLANG_WARN_CONSTANT_CONVERSION = YES;
				CLANG_WARN_DIRECT_OBJC_ISA_USAGE = YES_ERROR;
				CLANG_WARN_DOCUMENTATION_COMMENTS = YES;
				CLANG_WARN_EMPTY_BODY = YES;
				CLANG_WARN_ENUM_CONVERSION = YES;
				CLANG_WARN_INFINITE_RECURSION = YES;
				CLANG_WARN_INT_CONVERSION = YES;
				CLANG_WARN_OBJC_ROOT_CLASS = YES_ERROR;
				CLANG_WARN_SUSPICIOUS_MOVE = YES;
				CLANG_WARN_UNREACHABLE_CODE = YES;
				CLANG_WARN__DUPLICATE_METHOD_MATCH = YES;
				"CODE_SIGN_IDENTITY[sdk=iphoneos*]" = "iPhone Developer";
				COPY_PHASE_STRIP = NO;
				DEBUG_INFORMATION_FORMAT = dwarf;
				ENABLE_STRICT_OBJC_MSGSEND = YES;
				ENABLE_TESTABILITY = YES;
				GCC_C_LANGUAGE_STANDARD = gnu99;
				GCC_DYNAMIC_NO_PIC = NO;
				GCC_NO_COMMON_BLOCKS = YES;
				GCC_OPTIMIZATION_LEVEL = 0;
				GCC_PREPROCESSOR_DEFINITIONS = (
					"DEBUG=1",
					"$(inherited)",
				);
				GCC_WARN_64_TO_32_BIT_CONVERSION = YES;
				GCC_WARN_ABOUT_RETURN_TYPE = YES_ERROR;
				GCC_WARN_UNDECLARED_SELECTOR = YES;
				GCC_WARN_UNINITIALIZED_AUTOS = YES_AGGRESSIVE;
				GCC_WARN_UNUSED_FUNCTION = YES;
				GCC_WARN_UNUSED_VARIABLE = YES;
				IPHONEOS_DEPLOYMENT_TARGET = 10.2;
				MTL_ENABLE_DEBUG_INFO = YES;
				ONLY_ACTIVE_ARCH = YES;
				SDKROOT = iphoneos;
				SWIFT_ACTIVE_COMPILATION_CONDITIONS = DEBUG;
				SWIFT_OPTIMIZATION_LEVEL = "-Onone";
				TARGETED_DEVICE_FAMILY = "1,2";
			};
			name = Debug;
		};
		FD7562091E75361B0059DE3D /* Release */ = {
			isa = XCBuildConfiguration;
			buildSettings = {
				ALWAYS_SEARCH_USER_PATHS = NO;
				CLANG_ANALYZER_NONNULL = YES;
				CLANG_CXX_LANGUAGE_STANDARD = "gnu++0x";
				CLANG_CXX_LIBRARY = "libc++";
				CLANG_ENABLE_MODULES = YES;
				CLANG_ENABLE_OBJC_ARC = YES;
				CLANG_WARN_BOOL_CONVERSION = YES;
				CLANG_WARN_CONSTANT_CONVERSION = YES;
				CLANG_WARN_DIRECT_OBJC_ISA_USAGE = YES_ERROR;
				CLANG_WARN_DOCUMENTATION_COMMENTS = YES;
				CLANG_WARN_EMPTY_BODY = YES;
				CLANG_WARN_ENUM_CONVERSION = YES;
				CLANG_WARN_INFINITE_RECURSION = YES;
				CLANG_WARN_INT_CONVERSION = YES;
				CLANG_WARN_OBJC_ROOT_CLASS = YES_ERROR;
				CLANG_WARN_SUSPICIOUS_MOVE = YES;
				CLANG_WARN_UNREACHABLE_CODE = YES;
				CLANG_WARN__DUPLICATE_METHOD_MATCH = YES;
				"CODE_SIGN_IDENTITY[sdk=iphoneos*]" = "iPhone Developer";
				COPY_PHASE_STRIP = NO;
				DEBUG_INFORMATION_FORMAT = "dwarf-with-dsym";
				ENABLE_NS_ASSERTIONS = NO;
				ENABLE_STRICT_OBJC_MSGSEND = YES;
				GCC_C_LANGUAGE_STANDARD = gnu99;
				GCC_NO_COMMON_BLOCKS = YES;
				GCC_WARN_64_TO_32_BIT_CONVERSION = YES;
				GCC_WARN_ABOUT_RETURN_TYPE = YES_ERROR;
				GCC_WARN_UNDECLARED_SELECTOR = YES;
				GCC_WARN_UNINITIALIZED_AUTOS = YES_AGGRESSIVE;
				GCC_WARN_UNUSED_FUNCTION = YES;
				GCC_WARN_UNUSED_VARIABLE = YES;
				IPHONEOS_DEPLOYMENT_TARGET = 10.2;
				MTL_ENABLE_DEBUG_INFO = NO;
				SDKROOT = iphoneos;
				SWIFT_OPTIMIZATION_LEVEL = "-Owholemodule";
				TARGETED_DEVICE_FAMILY = "1,2";
				VALIDATE_PRODUCT = YES;
			};
			name = Release;
		};
		FD75620B1E75361B0059DE3D /* Debug */ = {
			isa = XCBuildConfiguration;
			buildSettings = {
				ASSETCATALOG_COMPILER_APPICON_NAME = "AppIcon-1";
				CODE_SIGN_ENTITLEMENTS = TheRecipeBox/TheRecipeBox.entitlements;
				DEVELOPMENT_TEAM = 9Q8KVW72F5;
				INFOPLIST_FILE = TheRecipeBox/Info.plist;
				LD_RUNPATH_SEARCH_PATHS = "$(inherited) @executable_path/Frameworks";
				PRODUCT_BUNDLE_IDENTIFIER = com.christianmcmullin.TheRecipeBox;
				PRODUCT_NAME = "$(TARGET_NAME)";
				SWIFT_VERSION = 3.0;
				TARGETED_DEVICE_FAMILY = 1;
			};
			name = Debug;
		};
		FD75620C1E75361B0059DE3D /* Release */ = {
			isa = XCBuildConfiguration;
			buildSettings = {
				ASSETCATALOG_COMPILER_APPICON_NAME = "AppIcon-1";
				CODE_SIGN_ENTITLEMENTS = TheRecipeBox/TheRecipeBox.entitlements;
				DEVELOPMENT_TEAM = 9Q8KVW72F5;
				INFOPLIST_FILE = TheRecipeBox/Info.plist;
				LD_RUNPATH_SEARCH_PATHS = "$(inherited) @executable_path/Frameworks";
				PRODUCT_BUNDLE_IDENTIFIER = com.christianmcmullin.TheRecipeBox;
				PRODUCT_NAME = "$(TARGET_NAME)";
				SWIFT_VERSION = 3.0;
				TARGETED_DEVICE_FAMILY = 1;
			};
			name = Release;
		};
/* End XCBuildConfiguration section */

/* Begin XCConfigurationList section */
		FD7561F31E75361B0059DE3D /* Build configuration list for PBXProject "TheRecipeBox" */ = {
			isa = XCConfigurationList;
			buildConfigurations = (
				FD7562081E75361B0059DE3D /* Debug */,
				FD7562091E75361B0059DE3D /* Release */,
			);
			defaultConfigurationIsVisible = 0;
			defaultConfigurationName = Release;
		};
		FD75620A1E75361B0059DE3D /* Build configuration list for PBXNativeTarget "TheRecipeBox" */ = {
			isa = XCConfigurationList;
			buildConfigurations = (
				FD75620B1E75361B0059DE3D /* Debug */,
				FD75620C1E75361B0059DE3D /* Release */,
			);
			defaultConfigurationIsVisible = 0;
			defaultConfigurationName = Release;
		};
/* End XCConfigurationList section */
	};
	rootObject = FD7561F01E75361B0059DE3D /* Project object */;
}
